%{
  "argon2_elixir": {:hex, :argon2_elixir, "4.0.0", "7f6cd2e4a93a37f61d58a367d82f830ad9527082ff3c820b8197a8a736648941", [:make, :mix], [{:comeonin, "~> 5.3", [hex: :comeonin, repo: "hexpm", optional: false]}, {:elixir_make, "~> 0.6", [hex: :elixir_make, repo: "hexpm", optional: false]}], "hexpm", "f9da27cf060c9ea61b1bd47837a28d7e48a8f6fa13a745e252556c14f9132c7f"},
  "atomic_map": {:hex, :atomic_map, "0.9.3", "3c7f1302e0590164732d08ca999708efbb2cd768abf2911cf140280ce2dc499d", [:mix], [], "hexpm", "c237babf301bd2435bd85b96cffc973022b4cbb7721537059ee0dd3bb74938d2"},
  "auth_plug": {:hex, :auth_plug, "1.5.2", "3e330cd9c231a29dc9e0524ac4bf81444168dc3ab09bfe789048d88a06e4908a", [:mix], [{:envar, "~> 1.1.0", [hex: :envar, repo: "hexpm", optional: false]}, {:httpoison, "~> 1.8.0", [hex: :httpoison, repo: "hexpm", optional: false]}, {:jason, "~> 1.0", [hex: :jason, repo: "hexpm", optional: false]}, {:joken, "~> 2.5", [hex: :joken, repo: "hexpm", optional: false]}, {:plug, "~> 1.10", [hex: :plug, repo: "hexpm", optional: false]}, {:useful, "~> 1.10.0", [hex: :useful, repo: "hexpm", optional: false]}], "hexpm", "326bedcedce560de37d3606bb85f7124b8e29c7ad892d4d8fe04a3ba14d18b06"},
  "b58": {:hex, :b58, "1.0.3", "d300d6ae5a3de956a54b9e8220e924e4fee1a349de983df2340fe61e0e464202", [:mix], [], "hexpm", "af62a98a8661fd89978cf3a3a4b5b2ebe82209de6ac6164f0b112e36af72fc59"},
  "bunt": {:hex, :bunt, "0.2.1", "e2d4792f7bc0ced7583ab54922808919518d0e57ee162901a16a1b6664ef3b14", [:mix], [], "hexpm", "a330bfb4245239787b15005e66ae6845c9cd524a288f0d141c148b02603777a5"},
  "castore": {:hex, :castore, "1.0.12", "053f0e32700cbec356280c0e835df425a3be4bc1e0627b714330ad9d0f05497f", [:mix], [], "hexpm", "3dca286b2186055ba0c9449b4e95b97bf1b57b47c1f2644555879e659960c224"},
  "certifi": {:hex, :certifi, "2.15.0", "0e6e882fcdaaa0a5a9f2b3db55b1394dba07e8d6d9bcad08318fb604c6839712", [:rebar3], [], "hexpm", "b147ed22ce71d72eafdad94f055165c1c182f61a2ff49df28bcc71d1d5b94a60"},
  "combine": {:hex, :combine, "0.10.0", "eff8224eeb56498a2af13011d142c5e7997a80c8f5b97c499f84c841032e429f", [:mix], [], "hexpm", "1b1dbc1790073076580d0d1d64e42eae2366583e7aecd455d1215b0d16f2451b"},
  "comeonin": {:hex, :comeonin, "5.4.0", "246a56ca3f41d404380fc6465650ddaa532c7f98be4bda1b4656b3a37cc13abe", [:mix], [], "hexpm", "796393a9e50d01999d56b7b8420ab0481a7538d0caf80919da493b4a6e51faf1"},
  "cowboy": {:hex, :cowboy, "2.13.0", "09d770dd5f6a22cc60c071f432cd7cb87776164527f205c5a6b0f24ff6b38990", [:make, :rebar3], [{:cowlib, ">= 2.14.0 and < 3.0.0", [hex: :cowlib, repo: "hexpm", optional: false]}, {:ranch, ">= 1.8.0 and < 3.0.0", [hex: :ranch, repo: "hexpm", optional: false]}], "hexpm", "e724d3a70995025d654c1992c7b11dbfea95205c047d86ff9bf1cda92ddc5614"},
  "cowboy_telemetry": {:hex, :cowboy_telemetry, "0.4.0", "f239f68b588efa7707abce16a84d0d2acf3a0f50571f8bb7f56a15865aae820c", [:rebar3], [{:cowboy, "~> 2.7", [hex: :cowboy, repo: "hexpm", optional: false]}, {:telemetry, "~> 1.0", [hex: :telemetry, repo: "hexpm", optional: false]}], "hexpm", "7d98bac1ee4565d31b62d59f8823dfd8356a169e7fcbb83831b8a5397404c9de"},
  "cowlib": {:hex, :cowlib, "2.15.0", "3c97a318a933962d1c12b96ab7c1d728267d2c523c25a5b57b0f93392b6e9e25", [:make, :rebar3], [], "hexpm", "4f00c879a64b4fe7c8fcb42a4281925e9ffdb928820b03c3ad325a617e857532"},
  "credo": {:hex, :credo, "1.7.0", "6119bee47272e85995598ee04f2ebbed3e947678dee048d10b5feca139435f75", [:mix], [{:bunt, "~> 0.2.1", [hex: :bunt, repo: "hexpm", optional: false]}, {:file_system, "~> 0.2.8", [hex: :file_system, repo: "hexpm", optional: false]}, {:jason, "~> 1.0", [hex: :jason, repo: "hexpm", optional: false]}], "hexpm", "6839fcf63d1f0d1c0f450abc8564a57c43d644077ab96f2934563e68b8a769d7"},
  "db_connection": {:hex, :db_connection, "2.8.0", "64fd82cfa6d8e25ec6660cea73e92a4cbc6a18b31343910427b702838c4b33b2", [:mix], [{:telemetry, "~> 0.4 or ~> 1.0", [hex: :telemetry, repo: "hexpm", optional: false]}], "hexpm", "008399dae5eee1bf5caa6e86d204dcb44242c82b1ed5e22c881f2c34da201b15"},
  "decimal": {:hex, :decimal, "2.3.0", "3ad6255aa77b4a3c4f818171b12d237500e63525c2fd056699967a3e7ea20f62", [:mix], [], "hexpm", "a4d66355cb29cb47c3cf30e71329e58361cfcb37c34235ef3bf1d7bf3773aeac"},
  "earmark_parser": {:hex, :earmark_parser, "1.4.44", "f20830dd6b5c77afe2b063777ddbbff09f9759396500cdbe7523efd58d7a339c", [:mix], [], "hexpm", "4778ac752b4701a5599215f7030989c989ffdc4f6df457c5f36938cc2d2a2750"},
  "ecto": {:hex, :ecto, "3.13.2", "7d0c0863f3fc8d71d17fc3ad3b9424beae13f02712ad84191a826c7169484f01", [:mix], [{:decimal, "~> 2.0", [hex: :decimal, repo: "hexpm", optional: false]}, {:jason, "~> 1.0", [hex: :jason, repo: "hexpm", optional: true]}, {:telemetry, "~> 0.4 or ~> 1.0", [hex: :telemetry, repo: "hexpm", optional: false]}], "hexpm", "669d9291370513ff56e7b7e7081b7af3283d02e046cf3d403053c557894a0b3e"},
  "ecto_sql": {:hex, :ecto_sql, "3.13.2", "a07d2461d84107b3d037097c822ffdd36ed69d1cf7c0f70e12a3d1decf04e2e1", [:mix], [{:db_connection, "~> 2.4.1 or ~> 2.5", [hex: :db_connection, repo: "hexpm", optional: false]}, {:ecto, "~> 3.13.0", [hex: :ecto, repo: "hexpm", optional: false]}, {:myxql, "~> 0.7", [hex: :myxql, repo: "hexpm", optional: true]}, {:postgrex, "~> 0.19 or ~> 1.0", [hex: :postgrex, repo: "hexpm", optional: true]}, {:tds, "~> 2.1.1 or ~> 2.2", [hex: :tds, repo: "hexpm", optional: true]}, {:telemetry, "~> 0.4.0 or ~> 1.0", [hex: :telemetry, repo: "hexpm", optional: false]}], "hexpm", "539274ab0ecf1a0078a6a72ef3465629e4d6018a3028095dc90f60a19c371717"},
  "elixir_make": {:hex, :elixir_make, "0.7.8", "505026f266552ee5aabca0b9f9c229cbb496c689537c9f922f3eb5431157efc7", [:mix], [{:castore, "~> 0.1 or ~> 1.0", [hex: :castore, repo: "hexpm", optional: true]}, {:certifi, "~> 2.0", [hex: :certifi, repo: "hexpm", optional: true]}], "hexpm", "7a71945b913d37ea89b06966e1342c85cfe549b15e6d6d081e8081c493062c07"},
  "envar": {:hex, :envar, "1.1.0", "105bcac5a03800a1eb21e2c7e229edc687359b0cc184150ec1380db5928c115c", [:mix], [], "hexpm", "97028ab4a040a5c19e613fdf46a41cf51c6e848d99077e525b338e21d2993320"},
  "esbuild": {:hex, :esbuild, "0.10.0", "b0aa3388a1c23e727c5a3e7427c932d89ee791746b0081bbe56103e9ef3d291f", [:mix], [{:jason, "~> 1.4", [hex: :jason, repo: "hexpm", optional: false]}], "hexpm", "468489cda427b974a7cc9f03ace55368a83e1a7be12fba7e30969af78e5f8c70"},
  "ex_doc": {:hex, :ex_doc, "0.38.1", "bae0a0bd5b5925b1caef4987e3470902d072d03347114ffe03a55dbe206dd4c2", [:mix], [{:earmark_parser, "~> 1.4.44", [hex: :earmark_parser, repo: "hexpm", optional: false]}, {:makeup_c, ">= 0.1.0", [hex: :makeup_c, repo: "hexpm", optional: true]}, {:makeup_elixir, "~> 0.14 or ~> 1.0", [hex: :makeup_elixir, repo: "hexpm", optional: false]}, {:makeup_erlang, "~> 0.1 or ~> 1.0", [hex: :makeup_erlang, repo: "hexpm", optional: false]}, {:makeup_html, ">= 0.1.0", [hex: :makeup_html, repo: "hexpm", optional: true]}], "hexpm", "754636236d191b895e1e4de2ebb504c057fe1995fdfdd92e9d75c4b05633008b"},
  "ex_multihash": {:hex, :ex_multihash, "2.0.0", "7fb36f842a2ec1c6bbba550f28fcd16d3c62981781b9466c9c1975c43d7db43c", [:mix], [], "hexpm", "66a08a86a1ba00d95736c595d7975696e5691308cdf7770c50b0f84a2a1172b0"},
  "excid": {:hex, :excid, "1.0.2", "74f511e49c8a828b020c7164ed5b6408cf9da6ab96b905066ce4065cc53c12e8", [:mix], [{:b58, "~> 1.0.3", [hex: :b58, repo: "hexpm", optional: false]}, {:ex_multihash, "~> 2.0", [hex: :ex_multihash, repo: "hexpm", optional: false]}, {:jason, "~> 1.1", [hex: :jason, repo: "hexpm", optional: false]}], "hexpm", "4f6371fa7b05a95757f0824ef62d98329f63cc9ddd21113ca1ad44d6678389d0"},
  "excoveralls": {:hex, :excoveralls, "0.18.0", "b92497e69465dc51bc37a6422226ee690ab437e4c06877e836f1c18daeb35da9", [:mix], [{:castore, "~> 1.0", [hex: :castore, repo: "hexpm", optional: true]}, {:jason, "~> 1.0", [hex: :jason, repo: "hexpm", optional: false]}], "hexpm", "1109bb911f3cb583401760be49c02cbbd16aed66ea9509fc5479335d284da60b"},
  "expo": {:hex, :expo, "1.1.0", "f7b9ed7fb5745ebe1eeedf3d6f29226c5dd52897ac67c0f8af62a07e661e5c75", [:mix], [], "hexpm", "fbadf93f4700fb44c331362177bdca9eeb8097e8b0ef525c9cc501cb9917c960"},
  "fields": {:hex, :fields, "2.11.0", "3dfe6655f2d937cf3d40b4335759e5a9862d830c85888b8fd9b9ca6414c4d3e8", [:mix], [{:argon2_elixir, "~> 4.0.0", [hex: :argon2_elixir, repo: "hexpm", optional: false]}, {:ecto, "~> 3.3", [hex: :ecto, repo: "hexpm", optional: false]}, {:envar, "~> 1.1.0", [hex: :envar, repo: "hexpm", optional: false]}, {:html_sanitize_ex, "~> 1.4.2", [hex: :html_sanitize_ex, repo: "hexpm", optional: false]}], "hexpm", "2cfc62917b866ef57b22556a0c089b61fe6924449c3a8d3c22948982acf97d64"},
  "file_system": {:hex, :file_system, "0.2.10", "fb082005a9cd1711c05b5248710f8826b02d7d1784e7c3451f9c1231d4fc162d", [:mix], [], "hexpm", "41195edbfb562a593726eda3b3e8b103a309b733ad25f3d642ba49696bf715dc"},
  "floki": {:hex, :floki, "0.37.0", "b83e0280bbc6372f2a403b2848013650b16640cd2470aea6701f0632223d719e", [:mix], [], "hexpm", "516a0c15a69f78c47dc8e0b9b3724b29608aa6619379f91b1ffa47109b5d0dd3"},
  "gettext": {:hex, :gettext, "0.26.2", "5978aa7b21fada6deabf1f6341ddba50bc69c999e812211903b169799208f2a8", [:mix], [{:expo, "~> 0.5.1 or ~> 1.0", [hex: :expo, repo: "hexpm", optional: false]}], "hexpm", "aa978504bcf76511efdc22d580ba08e2279caab1066b76bb9aa81c4a1e0a32a5"},
  "hackney": {:hex, :hackney, "1.24.1", "f5205a125bba6ed4587f9db3cc7c729d11316fa8f215d3e57ed1c067a9703fa9", [:rebar3], [{:certifi, "~> 2.15.0", [hex: :certifi, repo: "hexpm", optional: false]}, {:idna, "~> 6.1.0", [hex: :idna, repo: "hexpm", optional: false]}, {:metrics, "~> 1.0.0", [hex: :metrics, repo: "hexpm", optional: false]}, {:mimerl, "~> 1.4", [hex: :mimerl, repo: "hexpm", optional: false]}, {:parse_trans, "3.4.1", [hex: :parse_trans, repo: "hexpm", optional: false]}, {:ssl_verify_fun, "~> 1.1.0", [hex: :ssl_verify_fun, repo: "hexpm", optional: false]}, {:unicode_util_compat, "~> 0.7.0", [hex: :unicode_util_compat, repo: "hexpm", optional: false]}], "hexpm", "f4a7392a0b53d8bbc3eb855bdcc919cd677358e65b2afd3840b5b3690c4c8a39"},
  "heroicons": {:hex, :heroicons, "0.5.3", "ee8ae8335303df3b18f2cc07f46e1cb6e761ba4cf2c901623fbe9a28c0bc51dd", [:mix], [{:castore, ">= 0.0.0", [hex: :castore, repo: "hexpm", optional: false]}, {:phoenix_live_view, ">= 0.18.2", [hex: :phoenix_live_view, repo: "hexpm", optional: false]}], "hexpm", "a210037e8a09ac17e2a0a0779d729e89c821c944434c3baa7edfc1f5b32f3502"},
  "html_sanitize_ex": {:hex, :html_sanitize_ex, "1.4.3", "67b3d9fa8691b727317e0cc96b9b3093be00ee45419ffb221cdeee88e75d1360", [:mix], [{:mochiweb, "~> 2.15 or ~> 3.1", [hex: :mochiweb, repo: "hexpm", optional: false]}], "hexpm", "87748d3c4afe949c7c6eb7150c958c2bcba43fc5b2a02686af30e636b74bccb7"},
  "httpoison": {:hex, :httpoison, "1.8.2", "9eb9c63ae289296a544842ef816a85d881d4a31f518a0fec089aaa744beae290", [:mix], [{:hackney, "~> 1.17", [hex: :hackney, repo: "hexpm", optional: false]}], "hexpm", "2bb350d26972e30c96e2ca74a1aaf8293d61d0742ff17f01e0279fef11599921"},
  "idna": {:hex, :idna, "6.1.1", "8a63070e9f7d0c62eb9d9fcb360a7de382448200fbbd1b106cc96d3d8099df8d", [:rebar3], [{:unicode_util_compat, "~> 0.7.0", [hex: :unicode_util_compat, repo: "hexpm", optional: false]}], "hexpm", "92376eb7894412ed19ac475e4a86f7b413c1b9fbb5bd16dccd57934157944cea"},
  "jason": {:hex, :jason, "1.4.4", "b9226785a9aa77b6857ca22832cffa5d5011a667207eb2a0ad56adb5db443b8a", [:mix], [{:decimal, "~> 1.0 or ~> 2.0", [hex: :decimal, repo: "hexpm", optional: true]}], "hexpm", "c5eb0cab91f094599f94d55bc63409236a8ec69a21a67814529e8d5f6cc90b3b"},
  "joken": {:hex, :joken, "2.6.0", "b9dd9b6d52e3e6fcb6c65e151ad38bf4bc286382b5b6f97079c47ade6b1bcc6a", [:mix], [{:jose, "~> 1.11.5", [hex: :jose, repo: "hexpm", optional: false]}], "hexpm", "5a95b05a71cd0b54abd35378aeb1d487a23a52c324fa7efdffc512b655b5aaa7"},
  "jose": {:hex, :jose, "1.11.6", "613fda82552128aa6fb804682e3a616f4bc15565a048dabd05b1ebd5827ed965", [:mix, :rebar3], [], "hexpm", "6275cb75504f9c1e60eeacb771adfeee4905a9e182103aa59b53fed651ff9738"},
  "makeup": {:hex, :makeup, "1.2.1", "e90ac1c65589ef354378def3ba19d401e739ee7ee06fb47f94c687016e3713d1", [:mix], [{:nimble_parsec, "~> 1.4", [hex: :nimble_parsec, repo: "hexpm", optional: false]}], "hexpm", "d36484867b0bae0fea568d10131197a4c2e47056a6fbe84922bf6ba71c8d17ce"},
  "makeup_elixir": {:hex, :makeup_elixir, "1.0.1", "e928a4f984e795e41e3abd27bfc09f51db16ab8ba1aebdba2b3a575437efafc2", [:mix], [{:makeup, "~> 1.0", [hex: :makeup, repo: "hexpm", optional: false]}, {:nimble_parsec, "~> 1.2.3 or ~> 1.3", [hex: :nimble_parsec, repo: "hexpm", optional: false]}], "hexpm", "7284900d412a3e5cfd97fdaed4f5ed389b8f2b4cb49efc0eb3bd10e2febf9507"},
  "makeup_erlang": {:hex, :makeup_erlang, "1.0.2", "03e1804074b3aa64d5fad7aa64601ed0fb395337b982d9bcf04029d68d51b6a7", [:mix], [{:makeup, "~> 1.0", [hex: :makeup, repo: "hexpm", optional: false]}], "hexpm", "af33ff7ef368d5893e4a267933e7744e46ce3cf1f61e2dccf53a111ed3aa3727"},
  "metrics": {:hex, :metrics, "1.0.1", "25f094dea2cda98213cecc3aeff09e940299d950904393b2a29d191c346a8486", [:rebar3], [], "hexpm", "69b09adddc4f74a40716ae54d140f93beb0fb8978d8636eaded0c31b6f099f16"},
  "mime": {:hex, :mime, "2.0.7", "b8d739037be7cd402aee1ba0306edfdef982687ee7e9859bee6198c1e7e2f128", [:mix], [], "hexpm", "6171188e399ee16023ffc5b76ce445eb6d9672e2e241d2df6050f3c771e80ccd"},
  "mimerl": {:hex, :mimerl, "1.4.0", "3882a5ca67fbbe7117ba8947f27643557adec38fa2307490c4c4207624cb213b", [:rebar3], [], "hexpm", "13af15f9f68c65884ecca3a3891d50a7b57d82152792f3e19d88650aa126b144"},
  "mochiweb": {:hex, :mochiweb, "3.2.2", "bb435384b3b9fd1f92f2f3fe652ea644432877a3e8a81ed6459ce951e0482ad3", [:rebar3], [], "hexpm", "4114e51f1b44c270b3242d91294fe174ce1ed989100e8b65a1fab58e0cba41d5"},
  "nimble_parsec": {:hex, :nimble_parsec, "1.4.2", "8efba0122db06df95bfaa78f791344a89352ba04baedd3849593bfce4d0dc1c6", [:mix], [], "hexpm", "4b21398942dda052b403bbe1da991ccd03a053668d147d53fb8c4e0efe09c973"},
  "paper_trail": {:hex, :paper_trail, "1.1.2", "a2f3a27a1165c424dbc418448d858baff6b3fa15985c2bec01731f8f4bbd08fa", [:mix], [{:ecto, ">= 3.12.2", [hex: :ecto, repo: "hexpm", optional: false]}, {:ecto_sql, ">= 3.12.0", [hex: :ecto_sql, repo: "hexpm", optional: false]}], "hexpm", "6f540fdc83e37eadb1e5e0e08f6d97d223daf9ecfe75448ebe7e13e4a5b65ace"},
  "parse_trans": {:hex, :parse_trans, "3.4.1", "6e6aa8167cb44cc8f39441d05193be6e6f4e7c2946cb2759f015f8c56b76e5ff", [:rebar3], [], "hexpm", "620a406ce75dada827b82e453c19cf06776be266f5a67cff34e1ef2cbb60e49a"},
  "petal_components": {:hex, :petal_components, "1.2.9", "7eede7eee60edd3dd3958059a44ce74f6f80ec5ecfd4e508f15e0b6422592dbe", [:mix], [{:heroicons, "~> 0.5.0", [hex: :heroicons, repo: "hexpm", optional: false]}, {:phoenix, "~> 1.6", [hex: :phoenix, repo: "hexpm", optional: false]}, {:phoenix_ecto, "~> 4.4", [hex: :phoenix_ecto, repo: "hexpm", optional: false]}, {:phoenix_live_view, "~> 0.18.3", [hex: :phoenix_live_view, repo: "hexpm", optional: false]}], "hexpm", "c91a489c9230408fb7f66c931d4bc14367e0ee0a8f904cd70ff16883eb988f0c"},
  "phoenix": {:hex, :phoenix, "1.7.21", "14ca4f1071a5f65121217d6b57ac5712d1857e40a0833aff7a691b7870fc9a3b", [:mix], [{:castore, ">= 0.0.0", [hex: :castore, repo: "hexpm", optional: false]}, {:jason, "~> 1.0", [hex: :jason, repo: "hexpm", optional: true]}, {:phoenix_pubsub, "~> 2.1", [hex: :phoenix_pubsub, repo: "hexpm", optional: false]}, {:phoenix_template, "~> 1.0", [hex: :phoenix_template, repo: "hexpm", optional: false]}, {:phoenix_view, "~> 2.0", [hex: :phoenix_view, repo: "hexpm", optional: true]}, {:plug, "~> 1.14", [hex: :plug, repo: "hexpm", optional: false]}, {:plug_cowboy, "~> 2.7", [hex: :plug_cowboy, repo: "hexpm", optional: true]}, {:plug_crypto, "~> 1.2 or ~> 2.0", [hex: :plug_crypto, repo: "hexpm", optional: false]}, {:telemetry, "~> 0.4 or ~> 1.0", [hex: :telemetry, repo: "hexpm", optional: false]}, {:websock_adapter, "~> 0.5.3", [hex: :websock_adapter, repo: "hexpm", optional: false]}], "hexpm", "336dce4f86cba56fed312a7d280bf2282c720abb6074bdb1b61ec8095bdd0bc9"},
  "phoenix_ecto": {:hex, :phoenix_ecto, "4.6.5", "c4ef322acd15a574a8b1a08eff0ee0a85e73096b53ce1403b6563709f15e1cea", [:mix], [{:ecto, "~> 3.5", [hex: :ecto, repo: "hexpm", optional: false]}, {:phoenix_html, "~> 2.14.2 or ~> 3.0 or ~> 4.1", [hex: :phoenix_html, repo: "hexpm", optional: true]}, {:plug, "~> 1.9", [hex: :plug, repo: "hexpm", optional: false]}, {:postgrex, "~> 0.16 or ~> 1.0", [hex: :postgrex, repo: "hexpm", optional: true]}], "hexpm", "26ec3208eef407f31b748cadd044045c6fd485fbff168e35963d2f9dfff28d4b"},
  "phoenix_html": {:hex, :phoenix_html, "3.3.4", "42a09fc443bbc1da37e372a5c8e6755d046f22b9b11343bf885067357da21cb3", [:mix], [{:plug, "~> 1.5", [hex: :plug, repo: "hexpm", optional: true]}], "hexpm", "0249d3abec3714aff3415e7ee3d9786cb325be3151e6c4b3021502c585bf53fb"},
  "phoenix_live_reload": {:hex, :phoenix_live_reload, "1.6.0", "2791fac0e2776b640192308cc90c0dbcf67843ad51387ed4ecae2038263d708d", [:mix], [{:file_system, "~> 0.2.10 or ~> 1.0", [hex: :file_system, repo: "hexpm", optional: false]}, {:phoenix, "~> 1.4", [hex: :phoenix, repo: "hexpm", optional: false]}], "hexpm", "b3a1fa036d7eb2f956774eda7a7638cf5123f8f2175aca6d6420a7f95e598e1c"},
  "phoenix_live_view": {:hex, :phoenix_live_view, "0.18.18", "1f38fbd7c363723f19aad1a04b5490ff3a178e37daaf6999594d5f34796c47fc", [:mix], [{:jason, "~> 1.0", [hex: :jason, repo: "hexpm", optional: true]}, {:phoenix, "~> 1.6.15 or ~> 1.7.0", [hex: :phoenix, repo: "hexpm", optional: false]}, {:phoenix_html, "~> 3.3", [hex: :phoenix_html, repo: "hexpm", optional: false]}, {:phoenix_template, "~> 1.0", [hex: :phoenix_template, repo: "hexpm", optional: false]}, {:phoenix_view, "~> 2.0", [hex: :phoenix_view, repo: "hexpm", optional: true]}, {:telemetry, "~> 0.4.2 or ~> 1.0", [hex: :telemetry, repo: "hexpm", optional: false]}], "hexpm", "a5810d0472f3189ede6d2a95bda7f31c6113156b91784a3426cb0ab6a6d85214"},
  "phoenix_pubsub": {:hex, :phoenix_pubsub, "2.1.3", "3168d78ba41835aecad272d5e8cd51aa87a7ac9eb836eabc42f6e57538e3731d", [:mix], [], "hexpm", "bba06bc1dcfd8cb086759f0edc94a8ba2bc8896d5331a1e2c2902bf8e36ee502"},
  "phoenix_template": {:hex, :phoenix_template, "1.0.4", "e2092c132f3b5e5b2d49c96695342eb36d0ed514c5b252a77048d5969330d639", [:mix], [{:phoenix_html, "~> 2.14.2 or ~> 3.0 or ~> 4.0", [hex: :phoenix_html, repo: "hexpm", optional: true]}], "hexpm", "2c0c81f0e5c6753faf5cca2f229c9709919aba34fab866d3bc05060c9c444206"},
  "phoenix_view": {:hex, :phoenix_view, "2.0.4", "b45c9d9cf15b3a1af5fb555c674b525391b6a1fe975f040fb4d913397b31abf4", [:mix], [{:phoenix_html, "~> 2.14.2 or ~> 3.0 or ~> 4.0", [hex: :phoenix_html, repo: "hexpm", optional: true]}, {:phoenix_template, "~> 1.0", [hex: :phoenix_template, repo: "hexpm", optional: false]}], "hexpm", "4e992022ce14f31fe57335db27a28154afcc94e9983266835bb3040243eb620b"},
  "plug": {:hex, :plug, "1.18.0", "d78df36c41f7e798f2edf1f33e1727eae438e9dd5d809a9997c463a108244042", [:mix], [{:mime, "~> 1.0 or ~> 2.0", [hex: :mime, repo: "hexpm", optional: false]}, {:plug_crypto, "~> 1.1.1 or ~> 1.2 or ~> 2.0", [hex: :plug_crypto, repo: "hexpm", optional: false]}, {:telemetry, "~> 0.4.3 or ~> 1.0", [hex: :telemetry, repo: "hexpm", optional: false]}], "hexpm", "819f9e176d51e44dc38132e132fe0accaf6767eab7f0303431e404da8476cfa2"},
  "plug_cowboy": {:hex, :plug_cowboy, "2.7.4", "729c752d17cf364e2b8da5bdb34fb5804f56251e88bb602aff48ae0bd8673d11", [:mix], [{:cowboy, "~> 2.7", [hex: :cowboy, repo: "hexpm", optional: false]}, {:cowboy_telemetry, "~> 0.3", [hex: :cowboy_telemetry, repo: "hexpm", optional: false]}, {:plug, "~> 1.14", [hex: :plug, repo: "hexpm", optional: false]}], "hexpm", "9b85632bd7012615bae0a5d70084deb1b25d2bcbb32cab82d1e9a1e023168aa3"},
  "plug_crypto": {:hex, :plug_crypto, "2.1.1", "19bda8184399cb24afa10be734f84a16ea0a2bc65054e23a62bb10f06bc89491", [:mix], [], "hexpm", "6470bce6ffe41c8bd497612ffde1a7e4af67f36a15eea5f921af71cf3e11247c"},
  "postgrex": {:hex, :postgrex, "0.20.0", "363ed03ab4757f6bc47942eff7720640795eb557e1935951c1626f0d303a3aed", [:mix], [{:db_connection, "~> 2.1", [hex: :db_connection, repo: "hexpm", optional: false]}, {:decimal, "~> 1.5 or ~> 2.0", [hex: :decimal, repo: "hexpm", optional: false]}, {:jason, "~> 1.0", [hex: :jason, repo: "hexpm", optional: true]}, {:table, "~> 0.1.0", [hex: :table, repo: "hexpm", optional: true]}], "hexpm", "d36ef8b36f323d29505314f704e21a1a038e2dc387c6409ee0cd24144e187c0f"},
  "pre_commit": {:hex, :pre_commit, "0.3.4", "e2850f80be8090d50ad8019ef2426039307ff5dfbe70c736ad0d4d401facf304", [:mix], [], "hexpm", "16f684ba4f1fed1cba6b19e082b0f8d696e6f1c679285fedf442296617ba5f4e"},
  "ranch": {:hex, :ranch, "2.2.0", "25528f82bc8d7c6152c57666ca99ec716510fe0925cb188172f41ce93117b1b0", [:make, :rebar3], [], "hexpm", "fa0b99a1780c80218a4197a59ea8d3bdae32fbff7e88527d7d8a4787eff4f8e7"},
  "ssl_verify_fun": {:hex, :ssl_verify_fun, "1.1.7", "354c321cf377240c7b8716899e182ce4890c5938111a1296add3ec74cf1715df", [:make, :mix, :rebar3], [], "hexpm", "fe4c190e8f37401d30167c8c405eda19469f34577987c76dde613e838bbc67f8"},
  "statuses": {:hex, :statuses, "1.1.1", "bb52e1d7d3d16624c592a8a7712ddd03ea19f11cf8df54d8604c20d220b358e9", [:mix], [], "hexpm", "9dbc3839547401153dce11b8ab1bc406339e18d4c67eb0449c38749e26ba2e27"},
  "tailwind": {:hex, :tailwind, "0.3.1", "a89d2835c580748c7a975ad7dd3f2ea5e63216dc16d44f9df492fbd12c094bed", [:mix], [], "hexpm", "98a45febdf4a87bc26682e1171acdedd6317d0919953c353fcd1b4f9f4b676a2"},
  "telemetry": {:hex, :telemetry, "1.3.0", "fedebbae410d715cf8e7062c96a1ef32ec22e764197f70cda73d82778d61e7a2", [:rebar3], [], "hexpm", "7015fc8919dbe63764f4b4b87a95b7c0996bd539e0d499be6ec9d7f3875b79e6"},
  "telemetry_metrics": {:hex, :telemetry_metrics, "1.1.0", "5bd5f3b5637e0abea0426b947e3ce5dd304f8b3bc6617039e2b5a008adc02f8f", [:mix], [{:telemetry, "~> 0.4 or ~> 1.0", [hex: :telemetry, repo: "hexpm", optional: false]}], "hexpm", "e7b79e8ddfde70adb6db8a6623d1778ec66401f366e9a8f5dd0955c56bc8ce67"},
  "telemetry_poller": {:hex, :telemetry_poller, "1.2.0", "ba82e333215aed9dd2096f93bd1d13ae89d249f82760fcada0850ba33bac154b", [:rebar3], [{:telemetry, "~> 1.0", [hex: :telemetry, repo: "hexpm", optional: false]}], "hexpm", "7216e21a6c326eb9aa44328028c34e9fd348fb53667ca837be59d0aa2a0156e8"},
  "timex": {:hex, :timex, "3.7.13", "0688ce11950f5b65e154e42b47bf67b15d3bc0e0c3def62199991b8a8079a1e2", [:mix], [{:combine, "~> 0.10", [hex: :combine, repo: "hexpm", optional: false]}, {:gettext, "~> 0.26", [hex: :gettext, repo: "hexpm", optional: false]}, {:tzdata, "~> 1.1", [hex: :tzdata, repo: "hexpm", optional: false]}], "hexpm", "09588e0522669328e973b8b4fd8741246321b3f0d32735b589f78b136e6d4c54"},
  "tzdata": {:hex, :tzdata, "1.1.3", "b1cef7bb6de1de90d4ddc25d33892b32830f907e7fc2fccd1e7e22778ab7dfbc", [:mix], [{:hackney, "~> 1.17", [hex: :hackney, repo: "hexpm", optional: false]}], "hexpm", "d4ca85575a064d29d4e94253ee95912edfb165938743dbf002acdf0dcecb0c28"},
  "unicode_util_compat": {:hex, :unicode_util_compat, "0.7.1", "a48703a25c170eedadca83b11e88985af08d35f37c6f664d6dcfb106a97782fc", [:rebar3], [], "hexpm", "b3a917854ce3ae233619744ad1e0102e05673136776fb2fa76234f3e03b23642"},
  "useful": {:hex, :useful, "1.15.0", "3c967dd3013d710538f37ec9ae5d074a4ee19add367172e0dff22c0f72ea30bd", [:mix], [{:plug, "~> 1.16", [hex: :plug, repo: "hexpm", optional: false]}], "hexpm", "900180dc839831fa82717ee25ae3d912656095a58fb8a4bed8975495516b8dd0"},
  "websock": {:hex, :websock, "0.5.3", "2f69a6ebe810328555b6fe5c831a851f485e303a7c8ce6c5f675abeb20ebdadc", [:mix], [], "hexpm", "6105453d7fac22c712ad66fab1d45abdf049868f253cf719b625151460b8b453"},
  "websock_adapter": {:hex, :websock_adapter, "0.5.8", "3b97dc94e407e2d1fc666b2fb9acf6be81a1798a2602294aac000260a7c4a47d", [:mix], [{:bandit, ">= 0.6.0", [hex: :bandit, repo: "hexpm", optional: true]}, {:plug, "~> 1.14", [hex: :plug, repo: "hexpm", optional: false]}, {:plug_cowboy, "~> 2.6", [hex: :plug_cowboy, repo: "hexpm", optional: true]}, {:websock, "~> 0.5", [hex: :websock, repo: "hexpm", optional: false]}], "hexpm", "315b9a1865552212b5f35140ad194e67ce31af45bcee443d4ecb96b5fd3f3782"},
}
